
Microsoft Visual Studio Solution File, Format Version 12.00
# Visual Studio 15
VisualStudioVersion = 15.0.27004.2006
MinimumVisualStudioVersion = 10.0.40219.1
Project("{FAE04EC0-301F-11D3-BF4B-00C04F79EFBC}") = "VtiFolderDeletor1", "VtiFolderDeletor1\VtiFolderDeletor1.csproj", "{665AA7D9-093F-466F-AADF-B98A9D1C1DED}"
EndProject
Global
	GlobalSection(SolutionConfigurationPlatforms) = preSolution
		Debug|Any CPU = Debug|Any CPU
		Release|Any CPU = Release|Any CPU
	EndGlobalSection
	GlobalSection(ProjectConfigurationPlatforms) = postSolution
		{665AA7D9-093F-466F-AADF-B98A9D1C1DED}.Debug|Any CPU.ActiveCfg = Debug|Any CPU
		{665AA7D9-093F-466F-AADF-B98A9D1C1DED}.Debug|Any CPU.Build.0 = Debug|Any CPU
		{665AA7D9-093F-466F-AADF-B98A9D1C1DED}.Release|Any CPU.ActiveCfg = Release|Any CPU
		{665AA7D9-093F-466F-AADF-B98A9D1C1DED}.Release|Any CPU.Build.0 = Release|Any CPU
	EndGlobalSection
	GlobalSection(SolutionProperties) = preSolution
		HideSolutionNode = FALSE
	EndGlobalSection
	GlobalSection(ExtensibilityGlobals) = postSolution
		SolutionGuid = {92DDD7CA-544F-46AE-B82C-9A5743C6672D}
	EndGlobalSection
EndGlobal
